
Microsoft Visual Studio Solution File, Format Version 12.00
# Visual Studio 15
VisualStudioVersion = 15.0.27004.2005
MinimumVisualStudioVersion = 10.0.40219.1
Project("{FAE04EC0-301F-11D3-BF4B-00C04F79EFBC}") = "QWMSServer.API", "QWMSServer\QWMSServer.API.csproj", "{8E22B687-E45C-42CD-9376-9266E239BBA1}"
EndProject
Project("{FAE04EC0-301F-11D3-BF4B-00C04F79EFBC}") = "QWMSServer.Tests", "QWMSServer.Tests\QWMSServer.Tests.csproj", "{46C4498C-513E-47AA-8B1A-A94D541B38A0}"
EndProject
Project("{FAE04EC0-301F-11D3-BF4B-00C04F79EFBC}") = "QWMSServer.Model", "QWMSServer.Model\QWMSServer.Model.csproj", "{18BB8D00-A33F-4C03-8105-8C04D7642CCB}"
EndProject
Project("{FAE04EC0-301F-11D3-BF4B-00C04F79EFBC}") = "QWMSServer.Data", "QWMSServer.Data\QWMSServer.Data.csproj", "{9CC9B294-339B-4AAE-8E62-7DE8F3BEA4EA}"
EndProject
Project("{FAE04EC0-301F-11D3-BF4B-00C04F79EFBC}") = "QWMSServer.DeviceService", "QWMSServer.DeviceService\QWMSServer.DeviceService.csproj", "{723CC464-193D-4351-8205-C1DB7336C887}"
EndProject
Global
	GlobalSection(SolutionConfigurationPlatforms) = preSolution
		Debug|Any CPU = Debug|Any CPU
		Release|Any CPU = Release|Any CPU
	EndGlobalSection
	GlobalSection(ProjectConfigurationPlatforms) = postSolution
		{8E22B687-E45C-42CD-9376-9266E239BBA1}.Debug|Any CPU.ActiveCfg = Debug|Any CPU
		{8E22B687-E45C-42CD-9376-9266E239BBA1}.Debug|Any CPU.Build.0 = Debug|Any CPU
		{8E22B687-E45C-42CD-9376-9266E239BBA1}.Release|Any CPU.ActiveCfg = Release|Any CPU
		{8E22B687-E45C-42CD-9376-9266E239BBA1}.Release|Any CPU.Build.0 = Release|Any CPU
		{46C4498C-513E-47AA-8B1A-A94D541B38A0}.Debug|Any CPU.ActiveCfg = Debug|Any CPU
		{46C4498C-513E-47AA-8B1A-A94D541B38A0}.Debug|Any CPU.Build.0 = Debug|Any CPU
		{46C4498C-513E-47AA-8B1A-A94D541B38A0}.Release|Any CPU.ActiveCfg = Release|Any CPU
		{46C4498C-513E-47AA-8B1A-A94D541B38A0}.Release|Any CPU.Build.0 = Release|Any CPU
		{18BB8D00-A33F-4C03-8105-8C04D7642CCB}.Debug|Any CPU.ActiveCfg = Debug|Any CPU
		{18BB8D00-A33F-4C03-8105-8C04D7642CCB}.Debug|Any CPU.Build.0 = Debug|Any CPU
		{18BB8D00-A33F-4C03-8105-8C04D7642CCB}.Release|Any CPU.ActiveCfg = Release|Any CPU
		{18BB8D00-A33F-4C03-8105-8C04D7642CCB}.Release|Any CPU.Build.0 = Release|Any CPU
		{9CC9B294-339B-4AAE-8E62-7DE8F3BEA4EA}.Debug|Any CPU.ActiveCfg = Debug|Any CPU
		{9CC9B294-339B-4AAE-8E62-7DE8F3BEA4EA}.Debug|Any CPU.Build.0 = Debug|Any CPU
		{9CC9B294-339B-4AAE-8E62-7DE8F3BEA4EA}.Release|Any CPU.ActiveCfg = Release|Any CPU
		{9CC9B294-339B-4AAE-8E62-7DE8F3BEA4EA}.Release|Any CPU.Build.0 = Release|Any CPU
		{723CC464-193D-4351-8205-C1DB7336C887}.Debug|Any CPU.ActiveCfg = Debug|Any CPU
		{723CC464-193D-4351-8205-C1DB7336C887}.Debug|Any CPU.Build.0 = Debug|Any CPU
		{723CC464-193D-4351-8205-C1DB7336C887}.Release|Any CPU.ActiveCfg = Release|Any CPU
		{723CC464-193D-4351-8205-C1DB7336C887}.Release|Any CPU.Build.0 = Release|Any CPU
	EndGlobalSection
	GlobalSection(SolutionProperties) = preSolution
		HideSolutionNode = FALSE
	EndGlobalSection
	GlobalSection(ExtensibilityGlobals) = postSolution
		SolutionGuid = {E487097F-47CA-4CDC-8FB5-B961020FDD51}
	EndGlobalSection
EndGlobal
